
Microsoft Visual Studio Solution File, Format Version 12.00
# Visual Studio Version 16
VisualStudioVersion = 16.0.31205.134
MinimumVisualStudioVersion = 10.0.40219.1
Project("{FAE04EC0-301F-11D3-BF4B-00C04F79EFBC}") = "ConversorApp", "ConversorApp.csproj", "{44E9022B-9F60-43DD-BF73-010E18F74FC5}"
EndProject
Global
	GlobalSection(SolutionConfigurationPlatforms) = preSolution
		Debug|Any CPU = Debug|Any CPU
		Release|Any CPU = Release|Any CPU
	EndGlobalSection
	GlobalSection(ProjectConfigurationPlatforms) = postSolution
		{44E9022B-9F60-43DD-BF73-010E18F74FC5}.Debug|Any CPU.ActiveCfg = Debug|Any CPU
		{44E9022B-9F60-43DD-BF73-010E18F74FC5}.Debug|Any CPU.Build.0 = Debug|Any CPU
		{44E9022B-9F60-43DD-BF73-010E18F74FC5}.Release|Any CPU.ActiveCfg = Release|Any CPU
		{44E9022B-9F60-43DD-BF73-010E18F74FC5}.Release|Any CPU.Build.0 = Release|Any CPU
	EndGlobalSection
	GlobalSection(SolutionProperties) = preSolution
		HideSolutionNode = FALSE
	EndGlobalSection
	GlobalSection(ExtensibilityGlobals) = postSolution
		SolutionGuid = {EF784472-6ECF-480F-B43F-56AA88730D85}
	EndGlobalSection
EndGlobal
